
Microsoft Visual Studio Solution File, Format Version 12.00
# Visual Studio Version 17
VisualStudioVersion = 17.12.35707.178
MinimumVisualStudioVersion = 10.0.40219.1
Project("{FAE04EC0-301F-11D3-BF4B-00C04F79EFBC}") = "Docius.API", "Docius.API.csproj", "{C2AA7D2B-E3D3-4B24-B85A-AD464475B3C9}"
EndProject
Project("{FAE04EC0-301F-11D3-BF4B-00C04F79EFBC}") = "Docius.Repository", "..\Docius.Repository\Docius.Repository.csproj", "{80A05E67-54D0-4458-802F-AC9975B96CC4}"
EndProject
Project("{FAE04EC0-301F-11D3-BF4B-00C04F79EFBC}") = "Docius.Service", "..\Docius.Service\Docius.Service.csproj", "{31080833-3D6F-440B-8F30-201ED54BCD78}"
EndProject
Global
	GlobalSection(SolutionConfigurationPlatforms) = preSolution
		Debug|x64 = Debug|x64
		Release|x64 = Release|x64
	EndGlobalSection
	GlobalSection(ProjectConfigurationPlatforms) = postSolution
		{C2AA7D2B-E3D3-4B24-B85A-AD464475B3C9}.Debug|x64.ActiveCfg = Debug|x64
		{C2AA7D2B-E3D3-4B24-B85A-AD464475B3C9}.Debug|x64.Build.0 = Debug|x64
		{C2AA7D2B-E3D3-4B24-B85A-AD464475B3C9}.Release|x64.ActiveCfg = Release|x64
		{C2AA7D2B-E3D3-4B24-B85A-AD464475B3C9}.Release|x64.Build.0 = Release|x64
		{80A05E67-54D0-4458-802F-AC9975B96CC4}.Debug|x64.ActiveCfg = Debug|x64
		{80A05E67-54D0-4458-802F-AC9975B96CC4}.Debug|x64.Build.0 = Debug|x64
		{80A05E67-54D0-4458-802F-AC9975B96CC4}.Release|x64.ActiveCfg = Release|x64
		{80A05E67-54D0-4458-802F-AC9975B96CC4}.Release|x64.Build.0 = Release|x64
		{31080833-3D6F-440B-8F30-201ED54BCD78}.Debug|x64.ActiveCfg = Debug|x64
		{31080833-3D6F-440B-8F30-201ED54BCD78}.Debug|x64.Build.0 = Debug|x64
		{31080833-3D6F-440B-8F30-201ED54BCD78}.Release|x64.ActiveCfg = Release|x64
		{31080833-3D6F-440B-8F30-201ED54BCD78}.Release|x64.Build.0 = Release|x64
	EndGlobalSection
	GlobalSection(SolutionProperties) = preSolution
		HideSolutionNode = FALSE
	EndGlobalSection
EndGlobal
